GEM
  remote: https://rubygems.org/
  specs:
    async (1.32.1)
      console (~> 1.10)
      nio4r (~> 2.3)
      timers (~> 4.1)
    async-io (1.42.0)
      async
    console (1.23.6)
      fiber-annotation
      fiber-local
      json
    debug (1.9.2)
      irb (~> 1.10)
      reline (>= 0.3.8)
    fiber-annotation (0.2.0)
    fiber-local (1.0.0)
    io-console (0.7.2)
    io-console (0.7.2-java)
    irb (1.14.0)
      rdoc (>= 4.0.0)
      reline (>= 0.4.2)
    jar-dependencies (0.4.1)
    json (2.7.1)
    json (2.7.1-java)
    memory_profiler (1.0.1)
    nio4r (2.7.1)
    nio4r (2.7.1-java)
    psych (5.1.2)
      stringio
    psych (5.1.2-java)
      jar-dependencies (>= 0.1.7)
    rdoc (6.7.0)
      psych (>= 4.0.0)
    reline (0.5.10)
      io-console (~> 0.5)
    stringio (3.1.1)
    timers (4.3.5)

PLATFORMS
  arm64-darwin-22
  universal-java-17
  x64-mingw-ucrt
  x86_64-linux

DEPENDENCIES
  async (~> 1.32.1)
  async-io
  debug (~> 1.9)
  memory_profiler

BUNDLED WITH
   2.4.10
